
Microsoft Visual Studio Solution File, Format Version 12.00
# Visual Studio Version 16
VisualStudioVersion = 16.0.28922.388
MinimumVisualStudioVersion = 10.0.40219.1
Project("{FAE04EC0-301F-11D3-BF4B-00C04F79EFBC}") = "TEMP.HCM", "TEMP.HCM\TEMP.HCM.csproj", "{BE8CF6FB-DBA8-4238-A4A5-058DEA2E87BE}"
EndProject
Project("{FAE04EC0-301F-11D3-BF4B-00C04F79EFBC}") = "TEMP.HCM.Library", "Library\TEMP.HCM.Library\TEMP.HCM.Library.csproj", "{F84815E0-45EB-4318-8487-330ECC6279DA}"
EndProject
Global
	GlobalSection(SolutionConfigurationPlatforms) = preSolution
		Debug|Any CPU = Debug|Any CPU
		Release|Any CPU = Release|Any CPU
	EndGlobalSection
	GlobalSection(ProjectConfigurationPlatforms) = postSolution
		{BE8CF6FB-DBA8-4238-A4A5-058DEA2E87BE}.Debug|Any CPU.ActiveCfg = Debug|Any CPU
		{BE8CF6FB-DBA8-4238-A4A5-058DEA2E87BE}.Debug|Any CPU.Build.0 = Debug|Any CPU
		{BE8CF6FB-DBA8-4238-A4A5-058DEA2E87BE}.Release|Any CPU.ActiveCfg = Release|Any CPU
		{BE8CF6FB-DBA8-4238-A4A5-058DEA2E87BE}.Release|Any CPU.Build.0 = Release|Any CPU
		{F84815E0-45EB-4318-8487-330ECC6279DA}.Debug|Any CPU.ActiveCfg = Debug|Any CPU
		{F84815E0-45EB-4318-8487-330ECC6279DA}.Debug|Any CPU.Build.0 = Debug|Any CPU
		{F84815E0-45EB-4318-8487-330ECC6279DA}.Release|Any CPU.ActiveCfg = Release|Any CPU
		{F84815E0-45EB-4318-8487-330ECC6279DA}.Release|Any CPU.Build.0 = Release|Any CPU
	EndGlobalSection
	GlobalSection(SolutionProperties) = preSolution
		HideSolutionNode = FALSE
	EndGlobalSection
	GlobalSection(ExtensibilityGlobals) = postSolution
		SolutionGuid = {231C349A-18D2-47C3-ABB6-6E57E87DF660}
	EndGlobalSection
EndGlobal
